// !$*UTF8*$!
{
	archiveVersion = 1;
	classes = {
	};
	objectVersion = 46;
	objects = {

/* Begin PBXBuildFile section */
		1717072E1EDDF244000BF569 /* AppDelegate.swift in Sources */ = {isa = PBXBuildFile; fileRef = 1717072D1EDDF244000BF569 /* AppDelegate.swift */; };
		171707301EDDF244000BF569 /* MapViewController.swift in Sources */ = {isa = PBXBuildFile; fileRef = 1717072F1EDDF244000BF569 /* MapViewController.swift */; };
		171707331EDDF244000BF569 /* Main.storyboard in Resources */ = {isa = PBXBuildFile; fileRef = 171707311EDDF244000BF569 /* Main.storyboard */; };
		171707351EDDF244000BF569 /* Assets.xcassets in Resources */ = {isa = PBXBuildFile; fileRef = 171707341EDDF244000BF569 /* Assets.xcassets */; };
		171707381EDDF244000BF569 /* LaunchScreen.storyboard in Resources */ = {isa = PBXBuildFile; fileRef = 171707361EDDF244000BF569 /* LaunchScreen.storyboard */; };
		171707431EDDF245000BF569 /* Photo_BombTests.swift in Sources */ = {isa = PBXBuildFile; fileRef = 171707421EDDF245000BF569 /* Photo_BombTests.swift */; };
		1717074E1EDDF245000BF569 /* Photo_BombUITests.swift in Sources */ = {isa = PBXBuildFile; fileRef = 1717074D1EDDF245000BF569 /* Photo_BombUITests.swift */; };
		1717075C1EDDF2E9000BF569 /* CameraViewController.swift in Sources */ = {isa = PBXBuildFile; fileRef = 1717075B1EDDF2E9000BF569 /* CameraViewController.swift */; };
/* End PBXBuildFile section */

/* Begin PBXContainerItemProxy section */
		1717073F1EDDF245000BF569 /* PBXContainerItemProxy */ = {
			isa = PBXContainerItemProxy;
			containerPortal = 171707221EDDF244000BF569 /* Project object */;
			proxyType = 1;
			remoteGlobalIDString = 171707291EDDF244000BF569;
			remoteInfo = "Photo Bomb";
		};
		1717074A1EDDF245000BF569 /* PBXContainerItemProxy */ = {
			isa = PBXContainerItemProxy;
			containerPortal = 171707221EDDF244000BF569 /* Project object */;
			proxyType = 1;
			remoteGlobalIDString = 171707291EDDF244000BF569;
			remoteInfo = "Photo Bomb";
		};
/* End PBXContainerItemProxy section */

/* Begin PBXFileReference section */
		1717072A1EDDF244000BF569 /* Photo Bomb.app */ = {isa = PBXFileReference; explicitFileType = wrapper.application; includeInIndex = 0; path = "Photo Bomb.app"; sourceTree = BUILT_PRODUCTS_DIR; };
		1717072D1EDDF244000BF569 /* AppDelegate.swift */ = {isa = PBXFileReference; lastKnownFileType = sourcecode.swift; path = AppDelegate.swift; sourceTree = "<group>"; };
		1717072F1EDDF244000BF569 /* MapViewController.swift */ = {isa = PBXFileReference; lastKnownFileType = sourcecode.swift; path = MapViewController.swift; sourceTree = "<group>"; };
		171707321EDDF244000BF569 /* Base */ = {isa = PBXFileReference; lastKnownFileType = file.storyboard; name = Base; path = Base.lproj/Main.storyboard; sourceTree = "<group>"; };
		171707341EDDF244000BF569 /* Assets.xcassets */ = {isa = PBXFileReference; lastKnownFileType = folder.assetcatalog; path = Assets.xcassets; sourceTree = "<group>"; };
		171707371EDDF244000BF569 /* Base */ = {isa = PBXFileReference; lastKnownFileType = file.storyboard; name = Base; path = Base.lproj/LaunchScreen.storyboard; sourceTree = "<group>"; };
		171707391EDDF244000BF569 /* Info.plist */ = {isa = PBXFileReference; lastKnownFileType = text.plist.xml; path = Info.plist; sourceTree = "<group>"; };
		1717073E1EDDF245000BF569 /* Photo BombTests.xctest */ = {isa = PBXFileReference; explicitFileType = wrapper.cfbundle; includeInIndex = 0; path = "Photo BombTests.xctest"; sourceTree = BUILT_PRODUCTS_DIR; };
		171707421EDDF245000BF569 /* Photo_BombTests.swift */ = {isa = PBXFileReference; lastKnownFileType = sourcecode.swift; path = Photo_BombTests.swift; sourceTree = "<group>"; };
		171707441EDDF245000BF569 /* Info.plist */ = {isa = PBXFileReference; lastKnownFileType = text.plist.xml; path = Info.plist; sourceTree = "<group>"; };
		171707491EDDF245000BF569 /* Photo BombUITests.xctest */ = {isa = PBXFileReference; explicitFileType = wrapper.cfbundle; includeInIndex = 0; path = "Photo BombUITests.xctest"; sourceTree = BUILT_PRODUCTS_DIR; };
		1717074D1EDDF245000BF569 /* Photo_BombUITests.swift */ = {isa = PBXFileReference; lastKnownFileType = sourcecode.swift; path = Photo_BombUITests.swift; sourceTree = "<group>"; };
		1717074F1EDDF245000BF569 /* Info.plist */ = {isa = PBXFileReference; lastKnownFileType = text.plist.xml; path = Info.plist; sourceTree = "<group>"; };
		1717075B1EDDF2E9000BF569 /* CameraViewController.swift */ = {isa = PBXFileReference; fileEncoding = 4; lastKnownFileType = sourcecode.swift; path = CameraViewController.swift; sourceTree = "<group>"; };
/* End PBXFileReference section */

/* Begin PBXFrameworksBuildPhase section */
		171707271EDDF244000BF569 /* Frameworks */ = {
			isa = PBXFrameworksBuildPhase;
			buildActionMask = 2147483647;
			files = (
			);
			runOnlyForDeploymentPostprocessing = 0;
		};
		1717073B1EDDF245000BF569 /* Frameworks */ = {
			isa = PBXFrameworksBuildPhase;
			buildActionMask = 2147483647;
			files = (
			);
			runOnlyForDeploymentPostprocessing = 0;
		};
		171707461EDDF245000BF569 /* Frameworks */ = {
			isa = PBXFrameworksBuildPhase;
			buildActionMask = 2147483647;
			files = (
			);
			runOnlyForDeploymentPostprocessing = 0;
		};
/* End PBXFrameworksBuildPhase section */

/* Begin PBXGroup section */
		171707211EDDF244000BF569 = {
			isa = PBXGroup;
			children = (
				1717072C1EDDF244000BF569 /* Photo Bomb */,
				171707411EDDF245000BF569 /* Photo BombTests */,
				1717074C1EDDF245000BF569 /* Photo BombUITests */,
				1717072B1EDDF244000BF569 /* Products */,
			);
			sourceTree = "<group>";
		};
		1717072B1EDDF244000BF569 /* Products */ = {
			isa = PBXGroup;
			children = (
				1717072A1EDDF244000BF569 /* Photo Bomb.app */,
				1717073E1EDDF245000BF569 /* Photo BombTests.xctest */,
				171707491EDDF245000BF569 /* Photo BombUITests.xctest */,
			);
			name = Products;
			sourceTree = "<group>";
		};
		1717072C1EDDF244000BF569 /* Photo Bomb */ = {
			isa = PBXGroup;
			children = (
				171707311EDDF244000BF569 /* Main.storyboard */,
				1717075B1EDDF2E9000BF569 /* CameraViewController.swift */,
				1717072F1EDDF244000BF569 /* MapViewController.swift */,
				1717072D1EDDF244000BF569 /* AppDelegate.swift */,
				171707341EDDF244000BF569 /* Assets.xcassets */,
				171707361EDDF244000BF569 /* LaunchScreen.storyboard */,
				171707391EDDF244000BF569 /* Info.plist */,
			);
			path = "Photo Bomb";
			sourceTree = "<group>";
		};
		171707411EDDF245000BF569 /* Photo BombTests */ = {
			isa = PBXGroup;
			children = (
				171707421EDDF245000BF569 /* Photo_BombTests.swift */,
				171707441EDDF245000BF569 /* Info.plist */,
			);
			path = "Photo BombTests";
			sourceTree = "<group>";
		};
		1717074C1EDDF245000BF569 /* Photo BombUITests */ = {
			isa = PBXGroup;
			children = (
				1717074D1EDDF245000BF569 /* Photo_BombUITests.swift */,
				1717074F1EDDF245000BF569 /* Info.plist */,
			);
			path = "Photo BombUITests";
			sourceTree = "<group>";
		};
/* End PBXGroup section */

/* Begin PBXNativeTarget section */
		171707291EDDF244000BF569 /* Photo Bomb */ = {
			isa = PBXNativeTarget;
			buildConfigurationList = 171707521EDDF245000BF569 /* Build configuration list for PBXNativeTarget "Photo Bomb" */;
			buildPhases = (
				426CA785E7C7F91579F829B9 /* [CP] Check Pods Manifest.lock */,
				171707261EDDF244000BF569 /* Sources */,
				171707271EDDF244000BF569 /* Frameworks */,
				171707281EDDF244000BF569 /* Resources */,
				3CFEE666B8D0748BDDFF0DAB /* [CP] Embed Pods Frameworks */,
				A58F1D23D9F7B571A764E688 /* [CP] Copy Pods Resources */,
			);
			buildRules = (
			);
			dependencies = (
			);
			name = "Photo Bomb";
			productName = "Photo Bomb";
			productReference = 1717072A1EDDF244000BF569 /* Photo Bomb.app */;
			productType = "com.apple.product-type.application";
		};
		1717073D1EDDF245000BF569 /* Photo BombTests */ = {
			isa = PBXNativeTarget;
			buildConfigurationList = 171707551EDDF245000BF569 /* Build configuration list for PBXNativeTarget "Photo BombTests" */;
			buildPhases = (
				00D2C916C061D9944B46CFA0 /* [CP] Check Pods Manifest.lock */,
				1717073A1EDDF245000BF569 /* Sources */,
				1717073B1EDDF245000BF569 /* Frameworks */,
				1717073C1EDDF245000BF569 /* Resources */,
				162111DDB3856328CD4634C1 /* [CP] Embed Pods Frameworks */,
				590D5A93AB7106D28B1A0071 /* [CP] Copy Pods Resources */,
			);
			buildRules = (
			);
			dependencies = (
				171707401EDDF245000BF569 /* PBXTargetDependency */,
			);
			name = "Photo BombTests";
			productName = "Photo BombTests";
			productReference = 1717073E1EDDF245000BF569 /* Photo BombTests.xctest */;
			productType = "com.apple.product-type.bundle.unit-test";
		};
		171707481EDDF245000BF569 /* Photo BombUITests */ = {
			isa = PBXNativeTarget;
			buildConfigurationList = 171707581EDDF245000BF569 /* Build configuration list for PBXNativeTarget "Photo BombUITests" */;
			buildPhases = (
				AD47DF3F624A777F86DB3B09 /* [CP] Check Pods Manifest.lock */,
				171707451EDDF245000BF569 /* Sources */,
				171707461EDDF245000BF569 /* Frameworks */,
				171707471EDDF245000BF569 /* Resources */,
				7376BA57B0E354C496155072 /* [CP] Embed Pods Frameworks */,
				41A3B226C23D38127D518B28 /* [CP] Copy Pods Resources */,
			);
			buildRules = (
			);
			dependencies = (
				1717074B1EDDF245000BF569 /* PBXTargetDependency */,
			);
			name = "Photo BombUITests";
			productName = "Photo BombUITests";
			productReference = 171707491EDDF245000BF569 /* Photo BombUITests.xctest */;
			productType = "com.apple.product-type.bundle.ui-testing";
		};
/* End PBXNativeTarget section */

/* Begin PBXProject section */
		171707221EDDF244000BF569 /* Project object */ = {
			isa = PBXProject;
			attributes = {
				LastSwiftUpdateCheck = 0830;
				LastUpgradeCheck = 0830;
				ORGANIZATIONNAME = "Jordan Weatherford";
				TargetAttributes = {
					171707291EDDF244000BF569 = {
						CreatedOnToolsVersion = 8.3.2;
						DevelopmentTeam = M8LZR6NRDC;
						ProvisioningStyle = Automatic;
					};
					1717073D1EDDF245000BF569 = {
						CreatedOnToolsVersion = 8.3.2;
						ProvisioningStyle = Automatic;
						TestTargetID = 171707291EDDF244000BF569;
					};
					171707481EDDF245000BF569 = {
						CreatedOnToolsVersion = 8.3.2;
						ProvisioningStyle = Automatic;
						TestTargetID = 171707291EDDF244000BF569;
					};
				};
			};
			buildConfigurationList = 171707251EDDF244000BF569 /* Build configuration list for PBXProject "Photo Bomb" */;
			compatibilityVersion = "Xcode 3.2";
			developmentRegion = English;
			hasScannedForEncodings = 0;
			knownRegions = (
				en,
				Base,
			);
			mainGroup = 171707211EDDF244000BF569;
			productRefGroup = 1717072B1EDDF244000BF569 /* Products */;
			projectDirPath = "";
			projectRoot = "";
			targets = (
				171707291EDDF244000BF569 /* Photo Bomb */,
				1717073D1EDDF245000BF569 /* Photo BombTests */,
				171707481EDDF245000BF569 /* Photo BombUITests */,
			);
		};
/* End PBXProject section */

/* Begin PBXResourcesBuildPhase section */
		171707281EDDF244000BF569 /* Resources */ = {
			isa = PBXResourcesBuildPhase;
			buildActionMask = 2147483647;
			files = (
				171707381EDDF244000BF569 /* LaunchScreen.storyboard in Resources */,
				171707351EDDF244000BF569 /* Assets.xcassets in Resources */,
				171707331EDDF244000BF569 /* Main.storyboard in Resources */,
			);
			runOnlyForDeploymentPostprocessing = 0;
		};
		1717073C1EDDF245000BF569 /* Resources */ = {
			isa = PBXResourcesBuildPhase;
			buildActionMask = 2147483647;
			files = (
			);
			runOnlyForDeploymentPostprocessing = 0;
		};
		171707471EDDF245000BF569 /* Resources */ = {
			isa = PBXResourcesBuildPhase;
			buildActionMask = 2147483647;
			files = (
			);
			runOnlyForDeploymentPostprocessing = 0;
		};
/* End PBXResourcesBuildPhase section */

/* Begin PBXShellScriptBuildPhase section */
		00D2C916C061D9944B46CFA0 /* [CP] Check Pods Manifest.lock */ = {
			isa = PBXShellScriptBuildPhase;
			buildActionMask = 2147483647;
			files = (
			);
			inputPaths = (
			);
			name = "[CP] Check Pods Manifest.lock";
			outputPaths = (
			);
			runOnlyForDeploymentPostprocessing = 0;
			shellPath = /bin/sh;
			shellScript = "diff \"${PODS_PODFILE_DIR_PATH}/Podfile.lock\" \"${PODS_ROOT}/Manifest.lock\" > /dev/null\nif [ $? != 0 ] ; then\n    # print error to STDERR\n    echo \"error: The sandbox is not in sync with the Podfile.lock. Run 'pod install' or update your CocoaPods installation.\" >&2\n    exit 1\nfi\n";
			showEnvVarsInLog = 0;
		};
		162111DDB3856328CD4634C1 /* [CP] Embed Pods Frameworks */ = {
			isa = PBXShellScriptBuildPhase;
			buildActionMask = 2147483647;
			files = (
			);
			inputPaths = (
			);
			name = "[CP] Embed Pods Frameworks";
			outputPaths = (
			);
			runOnlyForDeploymentPostprocessing = 0;
			shellPath = /bin/sh;
			shellScript = "\"${SRCROOT}/Pods/Target Support Files/Pods-Photo BombTests/Pods-Photo BombTests-frameworks.sh\"\n";
			showEnvVarsInLog = 0;
		};
		3CFEE666B8D0748BDDFF0DAB /* [CP] Embed Pods Frameworks */ = {
			isa = PBXShellScriptBuildPhase;
			buildActionMask = 2147483647;
			files = (
			);
			inputPaths = (
			);
			name = "[CP] Embed Pods Frameworks";
			outputPaths = (
			);
			runOnlyForDeploymentPostprocessing = 0;
			shellPath = /bin/sh;
			shellScript = "\"${SRCROOT}/Pods/Target Support Files/Pods-Photo Bomb/Pods-Photo Bomb-frameworks.sh\"\n";
			showEnvVarsInLog = 0;
		};
		41A3B226C23D38127D518B28 /* [CP] Copy Pods Resources */ = {
			isa = PBXShellScriptBuildPhase;
			buildActionMask = 2147483647;
			files = (
			);
			inputPaths = (
			);
			name = "[CP] Copy Pods Resources";
			outputPaths = (
			);
			runOnlyForDeploymentPostprocessing = 0;
			shellPath = /bin/sh;
			shellScript = "\"${SRCROOT}/Pods/Target Support Files/Pods-Photo BombUITests/Pods-Photo BombUITests-resources.sh\"\n";
			showEnvVarsInLog = 0;
		};
		426CA785E7C7F91579F829B9 /* [CP] Check Pods Manifest.lock */ = {
			isa = PBXShellScriptBuildPhase;
			buildActionMask = 2147483647;
			files = (
			);
			inputPaths = (
			);
			name = "[CP] Check Pods Manifest.lock";
			outputPaths = (
			);
			runOnlyForDeploymentPostprocessing = 0;
			shellPath = /bin/sh;
			shellScript = "diff \"${PODS_PODFILE_DIR_PATH}/Podfile.lock\" \"${PODS_ROOT}/Manifest.lock\" > /dev/null\nif [ $? != 0 ] ; then\n    # print error to STDERR\n    echo \"error: The sandbox is not in sync with the Podfile.lock. Run 'pod install' or update your CocoaPods installation.\" >&2\n    exit 1\nfi\n";
			showEnvVarsInLog = 0;
		};
		590D5A93AB7106D28B1A0071 /* [CP] Copy Pods Resources */ = {
			isa = PBXShellScriptBuildPhase;
			buildActionMask = 2147483647;
			files = (
			);
			inputPaths = (
			);
			name = "[CP] Copy Pods Resources";
			outputPaths = (
			);
			runOnlyForDeploymentPostprocessing = 0;
			shellPath = /bin/sh;
			shellScript = "\"${SRCROOT}/Pods/Target Support Files/Pods-Photo BombTests/Pods-Photo BombTests-resources.sh\"\n";
			showEnvVarsInLog = 0;
		};
		7376BA57B0E354C496155072 /* [CP] Embed Pods Frameworks */ = {
			isa = PBXShellScriptBuildPhase;
			buildActionMask = 2147483647;
			files = (
			);
			inputPaths = (
			);
			name = "[CP] Embed Pods Frameworks";
			outputPaths = (
			);
			runOnlyForDeploymentPostprocessing = 0;
			shellPath = /bin/sh;
			shellScript = "\"${SRCROOT}/Pods/Target Support Files/Pods-Photo BombUITests/Pods-Photo BombUITests-frameworks.sh\"\n";
			showEnvVarsInLog = 0;
		};
		A58F1D23D9F7B571A764E688 /* [CP] Copy Pods Resources */ = {
			isa = PBXShellScriptBuildPhase;
			buildActionMask = 2147483647;
			files = (
			);
			inputPaths = (
			);
			name = "[CP] Copy Pods Resources";
			outputPaths = (
			);
			runOnlyForDeploymentPostprocessing = 0;
			shellPath = /bin/sh;
			shellScript = "\"${SRCROOT}/Pods/Target Support Files/Pods-Photo Bomb/Pods-Photo Bomb-resources.sh\"\n";
			showEnvVarsInLog = 0;
		};
		AD47DF3F624A777F86DB3B09 /* [CP] Check Pods Manifest.lock */ = {
			isa = PBXShellScriptBuildPhase;
			buildActionMask = 2147483647;
			files = (
			);
			inputPaths = (
			);
			name = "[CP] Check Pods Manifest.lock";
			outputPaths = (
			);
			runOnlyForDeploymentPostprocessing = 0;
			shellPath = /bin/sh;
			shellScript = "diff \"${PODS_PODFILE_DIR_PATH}/Podfile.lock\" \"${PODS_ROOT}/Manifest.lock\" > /dev/null\nif [ $? != 0 ] ; then\n    # print error to STDERR\n    echo \"error: The sandbox is not in sync with the Podfile.lock. Run 'pod install' or update your CocoaPods installation.\" >&2\n    exit 1\nfi\n";
			showEnvVarsInLog = 0;
		};
/* End PBXShellScriptBuildPhase section */

/* Begin PBXSourcesBuildPhase section */
		171707261EDDF244000BF569 /* Sources */ = {
			isa = PBXSourcesBuildPhase;
			buildActionMask = 2147483647;
			files = (
				171707301EDDF244000BF569 /* MapViewController.swift in Sources */,
				1717072E1EDDF244000BF569 /* AppDelegate.swift in Sources */,
				1717075C1EDDF2E9000BF569 /* CameraViewController.swift in Sources */,
			);
			runOnlyForDeploymentPostprocessing = 0;
		};
		1717073A1EDDF245000BF569 /* Sources */ = {
			isa = PBXSourcesBuildPhase;
			buildActionMask = 2147483647;
			files = (
				171707431EDDF245000BF569 /* Photo_BombTests.swift in Sources */,
			);
			runOnlyForDeploymentPostprocessing = 0;
		};
		171707451EDDF245000BF569 /* Sources */ = {
			isa = PBXSourcesBuildPhase;
			buildActionMask = 2147483647;
			files = (
				1717074E1EDDF245000BF569 /* Photo_BombUITests.swift in Sources */,
			);
			runOnlyForDeploymentPostprocessing = 0;
		};
/* End PBXSourcesBuildPhase section */

/* Begin PBXTargetDependency section */
		171707401EDDF245000BF569 /* PBXTargetDependency */ = {
			isa = PBXTargetDependency;
			target = 171707291EDDF244000BF569 /* Photo Bomb */;
			targetProxy = 1717073F1EDDF245000BF569 /* PBXContainerItemProxy */;
		};
		1717074B1EDDF245000BF569 /* PBXTargetDependency */ = {
			isa = PBXTargetDependency;
			target = 171707291EDDF244000BF569 /* Photo Bomb */;
			targetProxy = 1717074A1EDDF245000BF569 /* PBXContainerItemProxy */;
		};
/* End PBXTargetDependency section */

/* Begin PBXVariantGroup section */
		171707311EDDF244000BF569 /* Main.storyboard */ = {
			isa = PBXVariantGroup;
			children = (
				171707321EDDF244000BF569 /* Base */,
			);
			name = Main.storyboard;
			sourceTree = "<group>";
		};
		171707361EDDF244000BF569 /* LaunchScreen.storyboard */ = {
			isa = PBXVariantGroup;
			children = (
				171707371EDDF244000BF569 /* Base */,
			);
			name = LaunchScreen.storyboard;
			sourceTree = "<group>";
		};
/* End PBXVariantGroup section */

/* Begin XCBuildConfiguration section */
		171707501EDDF245000BF569 /* Debug */ = {
			isa = XCBuildConfiguration;
			buildSettings = {
				ALWAYS_SEARCH_USER_PATHS = NO;
				CLANG_ANALYZER_NONNULL = YES;
				CLANG_ANALYZER_NUMBER_OBJECT_CONVERSION = YES_AGGRESSIVE;
				CLANG_CXX_LANGUAGE_STANDARD = "gnu++0x";
				CLANG_CXX_LIBRARY = "libc++";
				CLANG_ENABLE_MODULES = YES;
				CLANG_ENABLE_OBJC_ARC = YES;
				CLANG_WARN_BOOL_CONVERSION = YES;
				CLANG_WARN_CONSTANT_CONVERSION = YES;
				CLANG_WARN_DIRECT_OBJC_ISA_USAGE = YES_ERROR;
				CLANG_WARN_DOCUMENTATION_COMMENTS = YES;
				CLANG_WARN_EMPTY_BODY = YES;
				CLANG_WARN_ENUM_CONVERSION = YES;
				CLANG_WARN_INFINITE_RECURSION = YES;
				CLANG_WARN_INT_CONVERSION = YES;
				CLANG_WARN_OBJC_ROOT_CLASS = YES_ERROR;
				CLANG_WARN_SUSPICIOUS_MOVE = YES;
				CLANG_WARN_UNREACHABLE_CODE = YES;
				CLANG_WARN__DUPLICATE_METHOD_MATCH = YES;
				"CODE_SIGN_IDENTITY[sdk=iphoneos*]" = "iPhone Developer";
				COPY_PHASE_STRIP = NO;
				DEBUG_INFORMATION_FORMAT = dwarf;
				ENABLE_STRICT_OBJC_MSGSEND = YES;
				ENABLE_TESTABILITY = YES;
				GCC_C_LANGUAGE_STANDARD = gnu99;
				GCC_DYNAMIC_NO_PIC = NO;
				GCC_NO_COMMON_BLOCKS = YES;
				GCC_OPTIMIZATION_LEVEL = 0;
				GCC_PREPROCESSOR_DEFINITIONS = (
					"DEBUG=1",
					"$(inherited)",
				);
				GCC_WARN_64_TO_32_BIT_CONVERSION = YES;
				GCC_WARN_ABOUT_RETURN_TYPE = YES_ERROR;
				GCC_WARN_UNDECLARED_SELECTOR = YES;
				GCC_WARN_UNINITIALIZED_AUTOS = YES_AGGRESSIVE;
				GCC_WARN_UNUSED_FUNCTION = YES;
				GCC_WARN_UNUSED_VARIABLE = YES;
				IPHONEOS_DEPLOYMENT_TARGET = 10.3;
				MTL_ENABLE_DEBUG_INFO = YES;
				ONLY_ACTIVE_ARCH = YES;
				SDKROOT = iphoneos;
				SWIFT_ACTIVE_COMPILATION_CONDITIONS = DEBUG;
				SWIFT_OPTIMIZATION_LEVEL = "-Onone";
			};
			name = Debug;
		};
		171707511EDDF245000BF569 /* Release */ = {
			isa = XCBuildConfiguration;
			buildSettings = {
				ALWAYS_SEARCH_USER_PATHS = NO;
				CLANG_ANALYZER_NONNULL = YES;
				CLANG_ANALYZER_NUMBER_OBJECT_CONVERSION = YES_AGGRESSIVE;
				CLANG_CXX_LANGUAGE_STANDARD = "gnu++0x";
				CLANG_CXX_LIBRARY = "libc++";
				CLANG_ENABLE_MODULES = YES;
				CLANG_ENABLE_OBJC_ARC = YES;
				CLANG_WARN_BOOL_CONVERSION = YES;
				CLANG_WARN_CONSTANT_CONVERSION = YES;
				CLANG_WARN_DIRECT_OBJC_ISA_USAGE = YES_ERROR;
				CLANG_WARN_DOCUMENTATION_COMMENTS = YES;
				CLANG_WARN_EMPTY_BODY = YES;
				CLANG_WARN_ENUM_CONVERSION = YES;
				CLANG_WARN_INFINITE_RECURSION = YES;
				CLANG_WARN_INT_CONVERSION = YES;
				CLANG_WARN_OBJC_ROOT_CLASS = YES_ERROR;
				CLANG_WARN_SUSPICIOUS_MOVE = YES;
				CLANG_WARN_UNREACHABLE_CODE = YES;
				CLANG_WARN__DUPLICATE_METHOD_MATCH = YES;
				"CODE_SIGN_IDENTITY[sdk=iphoneos*]" = "iPhone Developer";
				COPY_PHASE_STRIP = NO;
				DEBUG_INFORMATION_FORMAT = "dwarf-with-dsym";
				ENABLE_NS_ASSERTIONS = NO;
				ENABLE_STRICT_OBJC_MSGSEND = YES;
				GCC_C_LANGUAGE_STANDARD = gnu99;
				GCC_NO_COMMON_BLOCKS = YES;
				GCC_WARN_64_TO_32_BIT_CONVERSION = YES;
				GCC_WARN_ABOUT_RETURN_TYPE = YES_ERROR;
				GCC_WARN_UNDECLARED_SELECTOR = YES;
				GCC_WARN_UNINITIALIZED_AUTOS = YES_AGGRESSIVE;
				GCC_WARN_UNUSED_FUNCTION = YES;
				GCC_WARN_UNUSED_VARIABLE = YES;
				IPHONEOS_DEPLOYMENT_TARGET = 10.3;
				MTL_ENABLE_DEBUG_INFO = NO;
				SDKROOT = iphoneos;
				SWIFT_OPTIMIZATION_LEVEL = "-Owholemodule";
				VALIDATE_PRODUCT = YES;
			};
			name = Release;
		};
		171707531EDDF245000BF569 /* Debug */ = {
			isa = XCBuildConfiguration;
			buildSettings = {
				ASSETCATALOG_COMPILER_APPICON_NAME = AppIcon;
				DEVELOPMENT_TEAM = M8LZR6NRDC;
				INFOPLIST_FILE = "Photo Bomb/Info.plist";
				LD_RUNPATH_SEARCH_PATHS = "$(inherited) @executable_path/Frameworks";
				PRODUCT_BUNDLE_IDENTIFIER = "com.JordanWeatherford.Photo-Bomb";
				PRODUCT_NAME = "$(TARGET_NAME)";
				SWIFT_VERSION = 3.0;
			};
			name = Debug;
		};
		171707541EDDF245000BF569 /* Release */ = {
			isa = XCBuildConfiguration;
			buildSettings = {
				ASSETCATALOG_COMPILER_APPICON_NAME = AppIcon;
				DEVELOPMENT_TEAM = M8LZR6NRDC;
				INFOPLIST_FILE = "Photo Bomb/Info.plist";
				LD_RUNPATH_SEARCH_PATHS = "$(inherited) @executable_path/Frameworks";
				PRODUCT_BUNDLE_IDENTIFIER = "com.JordanWeatherford.Photo-Bomb";
				PRODUCT_NAME = "$(TARGET_NAME)";
				SWIFT_VERSION = 3.0;
			};
			name = Release;
		};
		171707561EDDF245000BF569 /* Debug */ = {
			isa = XCBuildConfiguration;
			buildSettings = {
				ALWAYS_EMBED_SWIFT_STANDARD_LIBRARIES = YES;
				BUNDLE_LOADER = "$(TEST_HOST)";
				INFOPLIST_FILE = "Photo BombTests/Info.plist";
				LD_RUNPATH_SEARCH_PATHS = "$(inherited) @executable_path/Frameworks @loader_path/Frameworks";
				PRODUCT_BUNDLE_IDENTIFIER = "com.JordanWeatherford.Photo-BombTests";
				PRODUCT_NAME = "$(TARGET_NAME)";
				SWIFT_VERSION = 3.0;
				TEST_HOST = "$(BUILT_PRODUCTS_DIR)/Photo Bomb.app/Photo Bomb";
			};
			name = Debug;
		};
		171707571EDDF245000BF569 /* Release */ = {
			isa = XCBuildConfiguration;
			buildSettings = {
				ALWAYS_EMBED_SWIFT_STANDARD_LIBRARIES = YES;
				BUNDLE_LOADER = "$(TEST_HOST)";
				INFOPLIST_FILE = "Photo BombTests/Info.plist";
				LD_RUNPATH_SEARCH_PATHS = "$(inherited) @executable_path/Frameworks @loader_path/Frameworks";
				PRODUCT_BUNDLE_IDENTIFIER = "com.JordanWeatherford.Photo-BombTests";
				PRODUCT_NAME = "$(TARGET_NAME)";
				SWIFT_VERSION = 3.0;
				TEST_HOST = "$(BUILT_PRODUCTS_DIR)/Photo Bomb.app/Photo Bomb";
			};
			name = Release;
		};
		171707591EDDF245000BF569 /* Debug */ = {
			isa = XCBuildConfiguration;
			buildSettings = {
				ALWAYS_EMBED_SWIFT_STANDARD_LIBRARIES = YES;
				INFOPLIST_FILE = "Photo BombUITests/Info.plist";
				LD_RUNPATH_SEARCH_PATHS = "$(inherited) @executable_path/Frameworks @loader_path/Frameworks";
				PRODUCT_BUNDLE_IDENTIFIER = "com.JordanWeatherford.Photo-BombUITests";
				PRODUCT_NAME = "$(TARGET_NAME)";
				SWIFT_VERSION = 3.0;
				TEST_TARGET_NAME = "Photo Bomb";
			};
			name = Debug;
		};
		1717075A1EDDF245000BF569 /* Release */ = {
			isa = XCBuildConfiguration;
			buildSettings = {
				ALWAYS_EMBED_SWIFT_STANDARD_LIBRARIES = YES;
				INFOPLIST_FILE = "Photo BombUITests/Info.plist";
				LD_RUNPATH_SEARCH_PATHS = "$(inherited) @executable_path/Frameworks @loader_path/Frameworks";
				PRODUCT_BUNDLE_IDENTIFIER = "com.JordanWeatherford.Photo-BombUITests";
				PRODUCT_NAME = "$(TARGET_NAME)";
				SWIFT_VERSION = 3.0;
				TEST_TARGET_NAME = "Photo Bomb";
			};
			name = Release;
		};
/* End XCBuildConfiguration section */

/* Begin XCConfigurationList section */
		171707251EDDF244000BF569 /* Build configuration list for PBXProject "Photo Bomb" */ = {
			isa = XCConfigurationList;
			buildConfigurations = (
				171707501EDDF245000BF569 /* Debug */,
				171707511EDDF245000BF569 /* Release */,
			);
			defaultConfigurationIsVisible = 0;
			defaultConfigurationName = Release;
		};
		171707521EDDF245000BF569 /* Build configuration list for PBXNativeTarget "Photo Bomb" */ = {
			isa = XCConfigurationList;
			buildConfigurations = (
				171707531EDDF245000BF569 /* Debug */,
				171707541EDDF245000BF569 /* Release */,
			);
			defaultConfigurationIsVisible = 0;
			defaultConfigurationName = Release;
		};
		171707551EDDF245000BF569 /* Build configuration list for PBXNativeTarget "Photo BombTests" */ = {
			isa = XCConfigurationList;
			buildConfigurations = (
				171707561EDDF245000BF569 /* Debug */,
				171707571EDDF245000BF569 /* Release */,
			);
			defaultConfigurationIsVisible = 0;
			defaultConfigurationName = Release;
		};
		171707581EDDF245000BF569 /* Build configuration list for PBXNativeTarget "Photo BombUITests" */ = {
			isa = XCConfigurationList;
			buildConfigurations = (
				171707591EDDF245000BF569 /* Debug */,
				1717075A1EDDF245000BF569 /* Release */,
			);
			defaultConfigurationIsVisible = 0;
			defaultConfigurationName = Release;
		};
/* End XCConfigurationList section */
	};
	rootObject = 171707221EDDF244000BF569 /* Project object */;
}
